
Microsoft Visual Studio Solution File, Format Version 12.00
# Visual Studio Version 16
VisualStudioVersion = 16.0.30907.101
MinimumVisualStudioVersion = 10.0.40219.1
Project("{FAE04EC0-301F-11D3-BF4B-00C04F79EFBC}") = "lab3rpvs", "lab3rpvs\lab3rpvs.csproj", "{F95F6687-65D6-4052-948A-59902076D8E4}"
EndProject
Global
	GlobalSection(SolutionConfigurationPlatforms) = preSolution
		Debug|Any CPU = Debug|Any CPU
		Release|Any CPU = Release|Any CPU
	EndGlobalSection
	GlobalSection(ProjectConfigurationPlatforms) = postSolution
		{F95F6687-65D6-4052-948A-59902076D8E4}.Debug|Any CPU.ActiveCfg = Debug|Any CPU
		{F95F6687-65D6-4052-948A-59902076D8E4}.Debug|Any CPU.Build.0 = Debug|Any CPU
		{F95F6687-65D6-4052-948A-59902076D8E4}.Release|Any CPU.ActiveCfg = Release|Any CPU
		{F95F6687-65D6-4052-948A-59902076D8E4}.Release|Any CPU.Build.0 = Release|Any CPU
	EndGlobalSection
	GlobalSection(SolutionProperties) = preSolution
		HideSolutionNode = FALSE
	EndGlobalSection
	GlobalSection(ExtensibilityGlobals) = postSolution
		SolutionGuid = {C790E7EB-AFA6-4643-9B8D-3A93A3D0AA54}
	EndGlobalSection
EndGlobal
